PODS:
  - FMDB (2.6.2):
    - FMDB/standard (= 2.6.2)
  - FMDB/standard (2.6.2)
  - Pgyer (2.8.4)
  - PgyUpdate (1.2)
  - SnapKit (3.2.0)

DEPENDENCIES:
  - FMDB
  - Pgyer
  - PgyUpdate
  - SnapKit

SPEC CHECKSUMS:
  FMDB: 854a0341b4726e53276f2a8996f06f1b80f9259a
  Pgyer: 26edfcc8da6da6383fabfdbccd2f77c623b9d6eb
  PgyUpdate: a42e82cec5ad4e992af390e9d494f6fc62db65e4
  SnapKit: 1ca44df72cfa543218d177cb8aab029d10d86ea7

PODFILE CHECKSUM: 1ba1e5facbd7e5cc18e3cd3f5220e19d3e1ac719

COCOAPODS: 1.1.1
